
Microsoft Visual Studio Solution File, Format Version 12.00
# Visual Studio Version 16
VisualStudioVersion = 16.0.32002.261
MinimumVisualStudioVersion = 10.0.40219.1
Project("{FAE04EC0-301F-11D3-BF4B-00C04F79EFBC}") = "TeknikServis_Web", "TeknikServis_Web\TeknikServis_Web.csproj", "{93DBD8FA-191D-47C7-9146-05828B2B22CE}"
EndProject
Global
	GlobalSection(SolutionConfigurationPlatforms) = preSolution
		Debug|Any CPU = Debug|Any CPU
		Release|Any CPU = Release|Any CPU
	EndGlobalSection
	GlobalSection(ProjectConfigurationPlatforms) = postSolution
		{93DBD8FA-191D-47C7-9146-05828B2B22CE}.Debug|Any CPU.ActiveCfg = Debug|Any CPU
		{93DBD8FA-191D-47C7-9146-05828B2B22CE}.Debug|Any CPU.Build.0 = Debug|Any CPU
		{93DBD8FA-191D-47C7-9146-05828B2B22CE}.Release|Any CPU.ActiveCfg = Release|Any CPU
		{93DBD8FA-191D-47C7-9146-05828B2B22CE}.Release|Any CPU.Build.0 = Release|Any CPU
	EndGlobalSection
	GlobalSection(SolutionProperties) = preSolution
		HideSolutionNode = FALSE
	EndGlobalSection
	GlobalSection(ExtensibilityGlobals) = postSolution
		SolutionGuid = {5A71041D-C22E-4A8D-90F4-83B14ADFC465}
	EndGlobalSection
EndGlobal
